
Microsoft Visual Studio Solution File, Format Version 12.00
# Visual Studio Version 17
VisualStudioVersion = 17.10.35122.118
MinimumVisualStudioVersion = 10.0.40219.1
Project("{FAE04EC0-301F-11D3-BF4B-00C04F79EFBC}") = "MealPlanPdfGenerator", "MealPlanPdfGenerator.csproj", "{DCF37CF2-F83E-4C25-AF59-CDAD301069D1}"
EndProject
Global
	GlobalSection(SolutionConfigurationPlatforms) = preSolution
		Debug|Any CPU = Debug|Any CPU
		Release|Any CPU = Release|Any CPU
	EndGlobalSection
	GlobalSection(ProjectConfigurationPlatforms) = postSolution
		{DCF37CF2-F83E-4C25-AF59-CDAD301069D1}.Debug|Any CPU.ActiveCfg = Debug|Any CPU
		{DCF37CF2-F83E-4C25-AF59-CDAD301069D1}.Debug|Any CPU.Build.0 = Debug|Any CPU
		{DCF37CF2-F83E-4C25-AF59-CDAD301069D1}.Release|Any CPU.ActiveCfg = Release|Any CPU
		{DCF37CF2-F83E-4C25-AF59-CDAD301069D1}.Release|Any CPU.Build.0 = Release|Any CPU
	EndGlobalSection
	GlobalSection(SolutionProperties) = preSolution
		HideSolutionNode = FALSE
	EndGlobalSection
	GlobalSection(ExtensibilityGlobals) = postSolution
		SolutionGuid = {BEF5E0AF-4E4B-4CB6-98A3-00C5EE3D9989}
	EndGlobalSection
EndGlobal
